<?xml version="1.0" encoding="utf-8"?>
<Project ToolsVersion="4.0" xmlns="http://schemas.microsoft.com/developer/msbuild/2003">
  <ItemGroup>
    <Filter Include="Source Files">
      <UniqueIdentifier>{4FC737F1-C7A5-4376-A066-2A32D752A2FF}</UniqueIdentifier>
      <Extensions>cpp;c;cc;cxx;def;odl;idl;hpj;bat;asm;asmx</Extensions>
    </Filter>
    <Filter Include="Header Files">
      <UniqueIdentifier>{93995380-89BD-4b04-88EB-625FBE52EBFB}</UniqueIdentifier>
      <Extensions>h;hh;hpp;hxx;hm;inl;inc;xsd</Extensions>
    </Filter>
    <Filter Include="Resource Files">
      <UniqueIdentifier>{67DA6AB6-F800-4c08-8B7A-83BB121AAD01}</UniqueIdentifier>
      <Extensions>rc;ico;cur;bmp;dlg;rc2;rct;bin;rgs;gif;jpg;jpeg;jpe;resx;tiff;tif;png;wav;mfcribbon-ms</Extensions>
    </Filter>
    <Filter Include="Header Files\module">
      <UniqueIdentifier>{8d55cc99-39ce-4b66-a95e-fe7030ce5992}</UniqueIdentifier>
    </Filter>
    <Filter Include="Source Files\module">
      <UniqueIdentifier>{dba48487-fac7-4be3-819e-063b0d0e8fcf}</UniqueIdentifier>
    </Filter>
  </ItemGroup>
  <ItemGroup>
    <ClInclude Include="..\include\attribute.h">
      <Filter>Header Files</Filter>
    </ClInclude>
    <ClInclude Include="..\include\chopper.h">
      <Filter>Header Files</Filter>
    </ClInclude>
    <ClInclude Include="..\include\hidapi.h">
      <Filter>Header Files</Filter>
    </ClInclude>
    <ClInclude Include="..\include\tbi_core.h">
      <Filter>Header Files</Filter>
    </ClInclude>
    <ClInclude Include="..\include\tbi_device.h">
      <Filter>Header Files</Filter>
    </ClInclude>
    <ClInclude Include="..\include\tbi_service.h">
      <Filter>Header Files</Filter>
    </ClInclude>
    <ClInclude Include="..\include\tbi_device_manager.h">
      <Filter>Header Files</Filter>
    </ClInclude>
    <ClInclude Include="..\include\tbit.h">
      <Filter>Header Files</Filter>
    </ClInclude>
    <ClInclude Include="..\include\module\pin.h">
      <Filter>Header Files\module</Filter>
    </ClInclude>
    <ClInclude Include="..\include\module\gpio_hw.h">
      <Filter>Header Files\module</Filter>
    </ClInclude>
    <ClInclude Include="..\include\module\i2c_hw.h">
      <Filter>Header Files\module</Filter>
    </ClInclude>
    <ClInclude Include="..\include\module\adc_hw.h">
      <Filter>Header Files\module</Filter>
    </ClInclude>
    <ClInclude Include="..\include\module\adc.h">
      <Filter>Header Files\module</Filter>
    </ClInclude>
    <ClInclude Include="..\include\dmm.h">
      <Filter>Header Files</Filter>
    </ClInclude>
  </ItemGroup>
  <ItemGroup>
    <ClCompile Include="..\src\attribute.cpp">
      <Filter>Source Files</Filter>
    </ClCompile>
    <ClCompile Include="..\src\chopper.cpp">
      <Filter>Source Files</Filter>
    </ClCompile>
    <ClCompile Include="..\src\tbi_core.cpp">
      <Filter>Source Files</Filter>
    </ClCompile>
    <ClCompile Include="..\src\tbi_device.cpp">
      <Filter>Source Files</Filter>
    </ClCompile>
    <ClCompile Include="..\src\tbi_service.cpp">
      <Filter>Source Files</Filter>
    </ClCompile>
    <ClCompile Include="..\src\HIDAPI\windows\hid.c">
      <Filter>Source Files</Filter>
    </ClCompile>
    <ClCompile Include="..\src\tbi_device_manager.cpp">
      <Filter>Source Files</Filter>
    </ClCompile>
    <ClCompile Include="..\src\tbit.cpp">
      <Filter>Source Files</Filter>
    </ClCompile>
    <ClCompile Include="..\src\module\pin.cpp">
      <Filter>Source Files\module</Filter>
    </ClCompile>
    <ClCompile Include="..\src\module\gpio_hw.cpp">
      <Filter>Source Files\module</Filter>
    </ClCompile>
    <ClCompile Include="..\src\module\i2c_hw.cpp">
      <Filter>Source Files\module</Filter>
    </ClCompile>
    <ClCompile Include="..\src\module\adc_hw.cpp">
      <Filter>Source Files\module</Filter>
    </ClCompile>
    <ClCompile Include="..\src\module\adc.cpp">
      <Filter>Source Files\module</Filter>
    </ClCompile>
    <ClCompile Include="..\src\dmm.cpp">
      <Filter>Source Files</Filter>
    </ClCompile>
  </ItemGroup>
</Project>
